{
  "nodes": {
    "nixpkgs": {
      "locked": {
        "lastModified": 1644472179,
        "narHash": "sha256-yRoBTtfomeawAvTkjmlAITHQJBSu3HXFi5xVa+Cjto4=",
        "owner": "NixOS",
        "repo": "nixpkgs",
        "rev": "d4324a2c4a0c6f6c1cbb7e3332d5079226ae161c",
        "type": "github"
      },
      "original": {
        "id": "nixpkgs",
        "type": "indirect"
      }
    },
    "root": {
      "inputs": {
        "nixpkgs": "nixpkgs"
      }
    }
  },
  "root": "root",
  "version": 7
}
