{
  "nodes": {
    "nixpkgs": {
      "locked": {
        "lastModified": 1642369775,
        "narHash": "sha256-MeRcG3uhGADaJJXAgKMYNEIG1rQRUM3J7bjQ/3I8YcQ=",
        "owner": "NixOS",
        "repo": "nixpkgs",
        "rev": "d893b16bf9384ad71e7b278167c7a982de5b07a1",
        "type": "github"
      },
      "original": {
        "id": "nixpkgs",
        "type": "indirect"
      }
    },
    "root": {
      "inputs": {
        "nixpkgs": "nixpkgs"
      }
    }
  },
  "root": "root",
  "version": 7
}
